
Microsoft Visual Studio Solution File, Format Version 12.00
# Visual Studio Version 16
VisualStudioVersion = 16.0.29326.143
MinimumVisualStudioVersion = 10.0.40219.1
Project("{FAE04EC0-301F-11D3-BF4B-00C04F79EFBC}") = "Ejercicio2", "Ejercicio2\Ejercicio2.csproj", "{BBB93A98-DD9C-4BE1-984C-7CACECEF9980}"
EndProject
Global
	GlobalSection(SolutionConfigurationPlatforms) = preSolution
		Debug|Any CPU = Debug|Any CPU
		Release|Any CPU = Release|Any CPU
	EndGlobalSection
	GlobalSection(ProjectConfigurationPlatforms) = postSolution
		{BBB93A98-DD9C-4BE1-984C-7CACECEF9980}.Debug|Any CPU.ActiveCfg = Debug|Any CPU
		{BBB93A98-DD9C-4BE1-984C-7CACECEF9980}.Debug|Any CPU.Build.0 = Debug|Any CPU
		{BBB93A98-DD9C-4BE1-984C-7CACECEF9980}.Release|Any CPU.ActiveCfg = Release|Any CPU
		{BBB93A98-DD9C-4BE1-984C-7CACECEF9980}.Release|Any CPU.Build.0 = Release|Any CPU
	EndGlobalSection
	GlobalSection(SolutionProperties) = preSolution
		HideSolutionNode = FALSE
	EndGlobalSection
	GlobalSection(ExtensibilityGlobals) = postSolution
		SolutionGuid = {600B2B6F-46A0-486A-8119-AA4B5D15026B}
	EndGlobalSection
EndGlobal
