
Microsoft Visual Studio Solution File, Format Version 12.00
# Visual Studio Version 16
VisualStudioVersion = 16.0.29326.143
MinimumVisualStudioVersion = 10.0.40219.1
Project("{FAE04EC0-301F-11D3-BF4B-00C04F79EFBC}") = "ColaConClase", "ColaConClase\ColaConClase.csproj", "{BE9D1D07-0A93-4196-BE60-1A9D84F8AFD0}"
EndProject
Global
	GlobalSection(SolutionConfigurationPlatforms) = preSolution
		Debug|Any CPU = Debug|Any CPU
		Release|Any CPU = Release|Any CPU
	EndGlobalSection
	GlobalSection(ProjectConfigurationPlatforms) = postSolution
		{BE9D1D07-0A93-4196-BE60-1A9D84F8AFD0}.Debug|Any CPU.ActiveCfg = Debug|Any CPU
		{BE9D1D07-0A93-4196-BE60-1A9D84F8AFD0}.Debug|Any CPU.Build.0 = Debug|Any CPU
		{BE9D1D07-0A93-4196-BE60-1A9D84F8AFD0}.Release|Any CPU.ActiveCfg = Release|Any CPU
		{BE9D1D07-0A93-4196-BE60-1A9D84F8AFD0}.Release|Any CPU.Build.0 = Release|Any CPU
	EndGlobalSection
	GlobalSection(SolutionProperties) = preSolution
		HideSolutionNode = FALSE
	EndGlobalSection
	GlobalSection(ExtensibilityGlobals) = postSolution
		SolutionGuid = {8C840F43-4E35-49D6-9BE2-AF5D569C3090}
	EndGlobalSection
EndGlobal
