
Microsoft Visual Studio Solution File, Format Version 12.00
# Visual Studio Version 16
VisualStudioVersion = 16.0.29326.143
MinimumVisualStudioVersion = 10.0.40219.1
Project("{FAE04EC0-301F-11D3-BF4B-00C04F79EFBC}") = "Factura", "Factura\Factura.csproj", "{C193F9A7-404E-4CE4-99D6-6ACC7C9A12AB}"
EndProject
Global
	GlobalSection(SolutionConfigurationPlatforms) = preSolution
		Debug|Any CPU = Debug|Any CPU
		Release|Any CPU = Release|Any CPU
	EndGlobalSection
	GlobalSection(ProjectConfigurationPlatforms) = postSolution
		{C193F9A7-404E-4CE4-99D6-6ACC7C9A12AB}.Debug|Any CPU.ActiveCfg = Debug|Any CPU
		{C193F9A7-404E-4CE4-99D6-6ACC7C9A12AB}.Debug|Any CPU.Build.0 = Debug|Any CPU
		{C193F9A7-404E-4CE4-99D6-6ACC7C9A12AB}.Release|Any CPU.ActiveCfg = Release|Any CPU
		{C193F9A7-404E-4CE4-99D6-6ACC7C9A12AB}.Release|Any CPU.Build.0 = Release|Any CPU
	EndGlobalSection
	GlobalSection(SolutionProperties) = preSolution
		HideSolutionNode = FALSE
	EndGlobalSection
	GlobalSection(ExtensibilityGlobals) = postSolution
		SolutionGuid = {DC5C2890-62A6-4CCC-BB4D-7125D93C5E52}
	EndGlobalSection
EndGlobal
