
Microsoft Visual Studio Solution File, Format Version 12.00
# Visual Studio Version 16
VisualStudioVersion = 16.0.29326.143
MinimumVisualStudioVersion = 10.0.40219.1
Project("{FAE04EC0-301F-11D3-BF4B-00C04F79EFBC}") = "Ejercicio3", "Ejercicio3\Ejercicio3.csproj", "{289AC75E-30E2-4CF4-902E-84AEA3679C27}"
EndProject
Global
	GlobalSection(SolutionConfigurationPlatforms) = preSolution
		Debug|Any CPU = Debug|Any CPU
		Release|Any CPU = Release|Any CPU
	EndGlobalSection
	GlobalSection(ProjectConfigurationPlatforms) = postSolution
		{289AC75E-30E2-4CF4-902E-84AEA3679C27}.Debug|Any CPU.ActiveCfg = Debug|Any CPU
		{289AC75E-30E2-4CF4-902E-84AEA3679C27}.Debug|Any CPU.Build.0 = Debug|Any CPU
		{289AC75E-30E2-4CF4-902E-84AEA3679C27}.Release|Any CPU.ActiveCfg = Release|Any CPU
		{289AC75E-30E2-4CF4-902E-84AEA3679C27}.Release|Any CPU.Build.0 = Release|Any CPU
	EndGlobalSection
	GlobalSection(SolutionProperties) = preSolution
		HideSolutionNode = FALSE
	EndGlobalSection
	GlobalSection(ExtensibilityGlobals) = postSolution
		SolutionGuid = {2C38F5AF-293C-4E30-92FC-ED9B0BC4BDBB}
	EndGlobalSection
EndGlobal
